
Microsoft Visual Studio Solution File, Format Version 12.00
# Visual Studio Version 17
VisualStudioVersion = 17.7.34018.315
MinimumVisualStudioVersion = 10.0.40219.1
Project("{9A19103F-16F7-4668-BE54-9A1E7A4F7556}") = "LIN.Cloud.Buckets", "LIN.Cloud.Buckets\LIN.Cloud.Buckets.csproj", "{1109CBEC-10A5-4E58-A9D5-2DF7F1445348}"
EndProject
Project("{9A19103F-16F7-4668-BE54-9A1E7A4F7556}") = "LIN.Types.Cloud", "..\..\Tipos\LIN.Types.Cloud\LIN.Types.Cloud.csproj", "{398CA76F-E703-4B2E-A964-5481B4996C80}"
EndProject
Project("{FAE04EC0-301F-11D3-BF4B-00C04F79EFBC}") = "LIN.Cloud.Buckets.Persistence", "LIN.Cloud.Buckets.Persistence\LIN.Cloud.Buckets.Persistence.csproj", "{D9D474B5-6558-4627-8879-FCF4D9A9BAD8}"
EndProject
Project("{FAE04EC0-301F-11D3-BF4B-00C04F79EFBC}") = "LIN.Cloud.Identity.Utilities", "..\..\Shared\LIN.Cloud.Identity.Utilities\LIN.Cloud.Identity.Utilities.csproj", "{D1C36BBB-4ACC-4F0D-99C1-D16FAFC4F1A7}"
EndProject
Global
	GlobalSection(SolutionConfigurationPlatforms) = preSolution
		Debug|Any CPU = Debug|Any CPU
		Debug|x86 = Debug|x86
		Release|Any CPU = Release|Any CPU
		Release|x86 = Release|x86
	EndGlobalSection
	GlobalSection(ProjectConfigurationPlatforms) = postSolution
		{1109CBEC-10A5-4E58-A9D5-2DF7F1445348}.Debug|Any CPU.ActiveCfg = Debug|Any CPU
		{1109CBEC-10A5-4E58-A9D5-2DF7F1445348}.Debug|Any CPU.Build.0 = Debug|Any CPU
		{1109CBEC-10A5-4E58-A9D5-2DF7F1445348}.Debug|x86.ActiveCfg = Debug|Any CPU
		{1109CBEC-10A5-4E58-A9D5-2DF7F1445348}.Debug|x86.Build.0 = Debug|Any CPU
		{1109CBEC-10A5-4E58-A9D5-2DF7F1445348}.Release|Any CPU.ActiveCfg = Release|Any CPU
		{1109CBEC-10A5-4E58-A9D5-2DF7F1445348}.Release|Any CPU.Build.0 = Release|Any CPU
		{1109CBEC-10A5-4E58-A9D5-2DF7F1445348}.Release|x86.ActiveCfg = Release|Any CPU
		{1109CBEC-10A5-4E58-A9D5-2DF7F1445348}.Release|x86.Build.0 = Release|Any CPU
		{398CA76F-E703-4B2E-A964-5481B4996C80}.Debug|Any CPU.ActiveCfg = Debug|Any CPU
		{398CA76F-E703-4B2E-A964-5481B4996C80}.Debug|Any CPU.Build.0 = Debug|Any CPU
		{398CA76F-E703-4B2E-A964-5481B4996C80}.Debug|x86.ActiveCfg = Debug|Any CPU
		{398CA76F-E703-4B2E-A964-5481B4996C80}.Debug|x86.Build.0 = Debug|Any CPU
		{398CA76F-E703-4B2E-A964-5481B4996C80}.Release|Any CPU.ActiveCfg = Release|Any CPU
		{398CA76F-E703-4B2E-A964-5481B4996C80}.Release|Any CPU.Build.0 = Release|Any CPU
		{398CA76F-E703-4B2E-A964-5481B4996C80}.Release|x86.ActiveCfg = Release|Any CPU
		{398CA76F-E703-4B2E-A964-5481B4996C80}.Release|x86.Build.0 = Release|Any CPU
		{D9D474B5-6558-4627-8879-FCF4D9A9BAD8}.Debug|Any CPU.ActiveCfg = Debug|Any CPU
		{D9D474B5-6558-4627-8879-FCF4D9A9BAD8}.Debug|Any CPU.Build.0 = Debug|Any CPU
		{D9D474B5-6558-4627-8879-FCF4D9A9BAD8}.Debug|x86.ActiveCfg = Debug|Any CPU
		{D9D474B5-6558-4627-8879-FCF4D9A9BAD8}.Debug|x86.Build.0 = Debug|Any CPU
		{D9D474B5-6558-4627-8879-FCF4D9A9BAD8}.Release|Any CPU.ActiveCfg = Release|Any CPU
		{D9D474B5-6558-4627-8879-FCF4D9A9BAD8}.Release|Any CPU.Build.0 = Release|Any CPU
		{D9D474B5-6558-4627-8879-FCF4D9A9BAD8}.Release|x86.ActiveCfg = Release|Any CPU
		{D9D474B5-6558-4627-8879-FCF4D9A9BAD8}.Release|x86.Build.0 = Release|Any CPU
		{D1C36BBB-4ACC-4F0D-99C1-D16FAFC4F1A7}.Debug|Any CPU.ActiveCfg = Debug|Any CPU
		{D1C36BBB-4ACC-4F0D-99C1-D16FAFC4F1A7}.Debug|Any CPU.Build.0 = Debug|Any CPU
		{D1C36BBB-4ACC-4F0D-99C1-D16FAFC4F1A7}.Debug|x86.ActiveCfg = Debug|Any CPU
		{D1C36BBB-4ACC-4F0D-99C1-D16FAFC4F1A7}.Debug|x86.Build.0 = Debug|Any CPU
		{D1C36BBB-4ACC-4F0D-99C1-D16FAFC4F1A7}.Release|Any CPU.ActiveCfg = Release|Any CPU
		{D1C36BBB-4ACC-4F0D-99C1-D16FAFC4F1A7}.Release|Any CPU.Build.0 = Release|Any CPU
		{D1C36BBB-4ACC-4F0D-99C1-D16FAFC4F1A7}.Release|x86.ActiveCfg = Release|Any CPU
		{D1C36BBB-4ACC-4F0D-99C1-D16FAFC4F1A7}.Release|x86.Build.0 = Release|Any CPU
	EndGlobalSection
	GlobalSection(SolutionProperties) = preSolution
		HideSolutionNode = FALSE
	EndGlobalSection
	GlobalSection(ExtensibilityGlobals) = postSolution
		SolutionGuid = {AEE91BF6-958C-4E96-8628-BF7E9CBAE2CF}
	EndGlobalSection
EndGlobal
